{
    "_meta": {
        "hash": {
            "sha256": "8fd63fc521278c073f04e39c8ccc7384be9911b9510db40a132e91bd0c4404ef"
        },
        "pipfile-spec": 6,
        "requires": {
            "python_full_version": "3.10.12",
            "python_version": "3.10"
        },
        "sources": [
            {
                "name": "pypi",
                "url": "https://pypi.org/simple",
                "verify_ssl": true
            }
        ]
    },
    "default": {
        "hmmlearn": {
            "hashes": [
                "sha256:04fa6d30c31579ee72045b5ca07b636038b7167810f37e3eeb18cca864c14762",
                "sha256:06c585506b573711284d52f952c69d655c03a0c561d1e69b1d4f103ceedf5d26",
                "sha256:0a362584a2dcd88ac086e6b8facadd37e9c737eb4b8ec6ffb0b0377b94abf80b",
                "sha256:174a9825128963a597df07c406ca6ca0336f13d88a5df123ae9fac2225e79b89",
                "sha256:215a3cd4461f2724325c74f1889d2594e9a72d5088559928dde5e6f526ea405a",
                "sha256:246689cbacc87633e0d2c237cf575bd7be83ca47af78df2f67305b5386bb2d90",
                "sha256:25abdb298d8387dc1e43c48c33a1d3fc8c185b7eb76d99947bde1d2d3ef08f4f",
                "sha256:2a58d7bc7b63638a2958f958f68618666962526e6d3958fc551eb52fff2599b1",
                "sha256:3799f172eebd0298693d5aee650d0f37dcae9678e6cc0eb170afb65cfb536aff",
                "sha256:3e1506ead9548bdd5eebc48b882712b302650e9f99ec51464cf732785aa6b56c",
                "sha256:45852822f0fbd76b2d2966cdc40c29dd708537afda23ae0d9b07c2893966085b",
                "sha256:47ac0a8653e7335cfd0c09b60cceba7678e1d0e61de2cf32c2d47f24a0bb04ef",
                "sha256:8277d016195d765bbaa5d62ce945d6c79a26af1748de6388ee5562488471483a",
                "sha256:903d333718d733a98cd3ef9a5228a7c809acefddca3863ed11be1afcaa9e487a",
                "sha256:91b6672d56fd6900f4f2baa3695ef75b14ca74b3f51d45854792e531f40bf85d",
                "sha256:938de7737cb1127229d9848ed8ec9a96c6b423cf0ddf3c5c142f97d39010f233",
                "sha256:ace621f4a8064a81d97eb5c29e5b69398884bcc5e550c4a30e47b9ba9967f1d6",
                "sha256:af44f17d961d305a9ddb201547c0ac400b1f7ed593fc3db0c733d800879bd400",
                "sha256:af4680b7cc607e8a12767842e4d22a93699e2603207d5216c576b24da8d712ef",
                "sha256:b18cccccbfd59d177dd027a1993e14ffce2b022c5e3238f40219ff0289edecb3",
                "sha256:c1da0ef0d54079c7485130b77eb3a84a4244dab5ea94714c217e34eb57c06466",
                "sha256:ce90d3d2191aeebdc7de295578221a065e4595576d276f475732e23e326a90ba",
                "sha256:d13a91ea3695df881465e3d36132d7eef4e84d483f4ba538a4b46e24b5ea100f",
                "sha256:d67681511eb7fef0900b9adc73338d520dc955f9afc08e96411d3f6d3e8db604",
                "sha256:dcaca0ab48467e572df52aaee3c56d26a018dac0f269b3fa74047e5f3b2d1d12",
                "sha256:efcdb2875b600750f230e3ffcab90c17d1dca6486ee2b2f33f34403c0e34b930",
                "sha256:f8e44521c5f82f822fd60fe90dd06357760efad207c5ca52a76686e30b50b602",
                "sha256:fa8df3bedf1d0f943af07c78d49834e551f65415260e7ae6bb65790ff85099d1",
                "sha256:fd1a8be04df23d8682c4b07e0f66c0122c2d0aadb918b2dcad71c3544b1529b5"
            ],
            "index": "pypi",
            "markers": "python_version >= '3.6'",
            "version": "==0.3.0"
        },
        "joblib": {
            "hashes": [
                "sha256:92f865e621e17784e7955080b6d042489e3b8e294949cc44c6eac304f59772b1",
                "sha256:ef4331c65f239985f3f2220ecc87db222f08fd22097a3dd5698f693875f8cbb9"
            ],
            "markers": "python_version >= '3.7'",
            "version": "==1.3.2"
        },
        "numpy": {
            "hashes": [
                "sha256:020cdbee66ed46b671429c7265cf00d8ac91c046901c55684954c3958525dab2",
                "sha256:0621f7daf973d34d18b4e4bafb210bbaf1ef5e0100b5fa750bd9cde84c7ac292",
                "sha256:0792824ce2f7ea0c82ed2e4fecc29bb86bee0567a080dacaf2e0a01fe7654369",
                "sha256:09aaee96c2cbdea95de76ecb8a586cb687d281c881f5f17bfc0fb7f5890f6b91",
                "sha256:166b36197e9debc4e384e9c652ba60c0bacc216d0fc89e78f973a9760b503388",
                "sha256:186ba67fad3c60dbe8a3abff3b67a91351100f2661c8e2a80364ae6279720299",
                "sha256:306545e234503a24fe9ae95ebf84d25cba1fdc27db971aa2d9f1ab6bba19a9dd",
                "sha256:436c8e9a4bdeeee84e3e59614d38c3dbd3235838a877af8c211cfcac8a80b8d3",
                "sha256:4a873a8180479bc829313e8d9798d5234dfacfc2e8a7ac188418189bb8eafbd2",
                "sha256:4acc65dd65da28060e206c8f27a573455ed724e6179941edb19f97e58161bb69",
                "sha256:51be5f8c349fdd1a5568e72713a21f518e7d6707bcf8503b528b88d33b57dc68",
                "sha256:546b7dd7e22f3c6861463bebb000646fa730e55df5ee4a0224408b5694cc6148",
                "sha256:5671338034b820c8d58c81ad1dafc0ed5a00771a82fccc71d6438df00302094b",
                "sha256:637c58b468a69869258b8ae26f4a4c6ff8abffd4a8334c830ffb63e0feefe99a",
                "sha256:767254ad364991ccfc4d81b8152912e53e103ec192d1bb4ea6b1f5a7117040be",
                "sha256:7d484292eaeb3e84a51432a94f53578689ffdea3f90e10c8b203a99be5af57d8",
                "sha256:7f6bad22a791226d0a5c7c27a80a20e11cfe09ad5ef9084d4d3fc4a299cca505",
                "sha256:86f737708b366c36b76e953c46ba5827d8c27b7a8c9d0f471810728e5a2fe57c",
                "sha256:8c6adc33561bd1d46f81131d5352348350fc23df4d742bb246cdfca606ea1208",
                "sha256:914b28d3215e0c721dc75db3ad6d62f51f630cb0c277e6b3bcb39519bed10bd8",
                "sha256:b44e6a09afc12952a7d2a58ca0a2429ee0d49a4f89d83a0a11052da696440e49",
                "sha256:bb0d9a1aaf5f1cb7967320e80690a1d7ff69f1d47ebc5a9bea013e3a21faec95",
                "sha256:c0b45c8b65b79337dee5134d038346d30e109e9e2e9d43464a2970e5c0e93229",
                "sha256:c2e698cb0c6dda9372ea98a0344245ee65bdc1c9dd939cceed6bb91256837896",
                "sha256:c78a22e95182fb2e7874712433eaa610478a3caf86f28c621708d35fa4fd6e7f",
                "sha256:e062aa24638bb5018b7841977c360d2f5917268d125c833a686b7cbabbec496c",
                "sha256:e5e18e5b14a7560d8acf1c596688f4dfd19b4f2945b245a71e5af4ddb7422feb",
                "sha256:eae430ecf5794cb7ae7fa3808740b015aa80747e5266153128ef055975a72b99",
                "sha256:ee84ca3c58fe48b8ddafdeb1db87388dce2c3c3f701bf447b05e4cfcc3679112",
                "sha256:f042f66d0b4ae6d48e70e28d487376204d3cbf43b84c03bac57e28dac6151581",
                "sha256:f8db2f125746e44dce707dd44d4f4efeea8d7e2b43aace3f8d1f235cfa2733dd",
                "sha256:f93fc78fe8bf15afe2b8d6b6499f1c73953169fad1e9a8dd086cdff3190e7fdf"
            ],
            "index": "pypi",
            "markers": "python_version < '3.13' and python_version >= '3.9'",
            "version": "==1.26.0"
        },
        "pillow": {
            "hashes": [
                "sha256:013016af6b3a12a2f40b704677f8b51f72cb007dac785a9933d5c86a72a7fe33",
                "sha256:0845adc64fe9886db00f5ab68c4a8cd933ab749a87747555cec1c95acea64b0b",
                "sha256:0884ba7b515163a1a05440a138adeb722b8a6ae2c2b33aea93ea3118dd3a899e",
                "sha256:09b89ddc95c248ee788328528e6a2996e09eaccddeeb82a5356e92645733be35",
                "sha256:0dd4c681b82214b36273c18ca7ee87065a50e013112eea7d78c7a1b89a739153",
                "sha256:0e51f608da093e5d9038c592b5b575cadc12fd748af1479b5e858045fff955a9",
                "sha256:0f3269304c1a7ce82f1759c12ce731ef9b6e95b6df829dccd9fe42912cc48569",
                "sha256:16a8df99701f9095bea8a6c4b3197da105df6f74e6176c5b410bc2df2fd29a57",
                "sha256:19005a8e58b7c1796bc0167862b1f54a64d3b44ee5d48152b06bb861458bc0f8",
                "sha256:1b4b4e9dda4f4e4c4e6896f93e84a8f0bcca3b059de9ddf67dac3c334b1195e1",
                "sha256:28676836c7796805914b76b1837a40f76827ee0d5398f72f7dcc634bae7c6264",
                "sha256:2968c58feca624bb6c8502f9564dd187d0e1389964898f5e9e1fbc8533169157",
                "sha256:3f4cc516e0b264c8d4ccd6b6cbc69a07c6d582d8337df79be1e15a5056b258c9",
                "sha256:3fa1284762aacca6dc97474ee9c16f83990b8eeb6697f2ba17140d54b453e133",
                "sha256:43521ce2c4b865d385e78579a082b6ad1166ebed2b1a2293c3be1d68dd7ca3b9",
                "sha256:451f10ef963918e65b8869e17d67db5e2f4ab40e716ee6ce7129b0cde2876eab",
                "sha256:46c259e87199041583658457372a183636ae8cd56dbf3f0755e0f376a7f9d0e6",
                "sha256:46f39cab8bbf4a384ba7cb0bc8bae7b7062b6a11cfac1ca4bc144dea90d4a9f5",
                "sha256:519e14e2c49fcf7616d6d2cfc5c70adae95682ae20f0395e9280db85e8d6c4df",
                "sha256:53dcb50fbdc3fb2c55431a9b30caeb2f7027fcd2aeb501459464f0214200a503",
                "sha256:54614444887e0d3043557d9dbc697dbb16cfb5a35d672b7a0fcc1ed0cf1c600b",
                "sha256:575d8912dca808edd9acd6f7795199332696d3469665ef26163cd090fa1f8bfa",
                "sha256:5dd5a9c3091a0f414a963d427f920368e2b6a4c2f7527fdd82cde8ef0bc7a327",
                "sha256:5f532a2ad4d174eb73494e7397988e22bf427f91acc8e6ebf5bb10597b49c493",
                "sha256:60e7da3a3ad1812c128750fc1bc14a7ceeb8d29f77e0a2356a8fb2aa8925287d",
                "sha256:653d7fb2df65efefbcbf81ef5fe5e5be931f1ee4332c2893ca638c9b11a409c4",
                "sha256:6663977496d616b618b6cfa43ec86e479ee62b942e1da76a2c3daa1c75933ef4",
                "sha256:6abfb51a82e919e3933eb137e17c4ae9c0475a25508ea88993bb59faf82f3b35",
                "sha256:6c6b1389ed66cdd174d040105123a5a1bc91d0aa7059c7261d20e583b6d8cbd2",
                "sha256:6d9dfb9959a3b0039ee06c1a1a90dc23bac3b430842dcb97908ddde05870601c",
                "sha256:765cb54c0b8724a7c12c55146ae4647e0274a839fb6de7bcba841e04298e1011",
                "sha256:7a21222644ab69ddd9967cfe6f2bb420b460dae4289c9d40ff9a4896e7c35c9a",
                "sha256:7ac7594397698f77bce84382929747130765f66406dc2cd8b4ab4da68ade4c6e",
                "sha256:7cfc287da09f9d2a7ec146ee4d72d6ea1342e770d975e49a8621bf54eaa8f30f",
                "sha256:83125753a60cfc8c412de5896d10a0a405e0bd88d0470ad82e0869ddf0cb3848",
                "sha256:847b114580c5cc9ebaf216dd8c8dbc6b00a3b7ab0131e173d7120e6deade1f57",
                "sha256:87708d78a14d56a990fbf4f9cb350b7d89ee8988705e58e39bdf4d82c149210f",
                "sha256:8a2b5874d17e72dfb80d917213abd55d7e1ed2479f38f001f264f7ce7bae757c",
                "sha256:8f127e7b028900421cad64f51f75c051b628db17fb00e099eb148761eed598c9",
                "sha256:94cdff45173b1919350601f82d61365e792895e3c3a3443cf99819e6fbf717a5",
                "sha256:99d92d148dd03fd19d16175b6d355cc1b01faf80dae93c6c3eb4163709edc0a9",
                "sha256:9a3049a10261d7f2b6514d35bbb7a4dfc3ece4c4de14ef5876c4b7a23a0e566d",
                "sha256:9d9a62576b68cd90f7075876f4e8444487db5eeea0e4df3ba298ee38a8d067b0",
                "sha256:9e5f94742033898bfe84c93c831a6f552bb629448d4072dd312306bab3bd96f1",
                "sha256:a1c2d7780448eb93fbcc3789bf3916aa5720d942e37945f4056680317f1cd23e",
                "sha256:a2e0f87144fcbbe54297cae708c5e7f9da21a4646523456b00cc956bd4c65815",
                "sha256:a4dfdae195335abb4e89cc9762b2edc524f3c6e80d647a9a81bf81e17e3fb6f0",
                "sha256:a96e6e23f2b79433390273eaf8cc94fec9c6370842e577ab10dabdcc7ea0a66b",
                "sha256:aabdab8ec1e7ca7f1434d042bf8b1e92056245fb179790dc97ed040361f16bfd",
                "sha256:b222090c455d6d1a64e6b7bb5f4035c4dff479e22455c9eaa1bdd4c75b52c80c",
                "sha256:b52ff4f4e002f828ea6483faf4c4e8deea8d743cf801b74910243c58acc6eda3",
                "sha256:b70756ec9417c34e097f987b4d8c510975216ad26ba6e57ccb53bc758f490dab",
                "sha256:b8c2f6eb0df979ee99433d8b3f6d193d9590f735cf12274c108bd954e30ca858",
                "sha256:b9b752ab91e78234941e44abdecc07f1f0d8f51fb62941d32995b8161f68cfe5",
                "sha256:ba6612b6548220ff5e9df85261bddc811a057b0b465a1226b39bfb8550616aee",
                "sha256:bd752c5ff1b4a870b7661234694f24b1d2b9076b8bf337321a814c612665f343",
                "sha256:c3c4ed2ff6760e98d262e0cc9c9a7f7b8a9f61aa4d47c58835cdaf7b0b8811bb",
                "sha256:c5c1362c14aee73f50143d74389b2c158707b4abce2cb055b7ad37ce60738d47",
                "sha256:cb362e3b0976dc994857391b776ddaa8c13c28a16f80ac6522c23d5257156bed",
                "sha256:d197df5489004db87d90b918033edbeee0bd6df3848a204bca3ff0a903bef837",
                "sha256:d3b56206244dc8711f7e8b7d6cad4663917cd5b2d950799425076681e8766286",
                "sha256:d5b2f8a31bd43e0f18172d8ac82347c8f37ef3e0b414431157718aa234991b28",
                "sha256:d7081c084ceb58278dd3cf81f836bc818978c0ccc770cbbb202125ddabec6628",
                "sha256:db74f5562c09953b2c5f8ec4b7dfd3f5421f31811e97d1dbc0a7c93d6e3a24df",
                "sha256:df41112ccce5d47770a0c13651479fbcd8793f34232a2dd9faeccb75eb5d0d0d",
                "sha256:e1339790c083c5a4de48f688b4841f18df839eb3c9584a770cbd818b33e26d5d",
                "sha256:e621b0246192d3b9cb1dc62c78cfa4c6f6d2ddc0ec207d43c0dedecb914f152a",
                "sha256:e8c5cf126889a4de385c02a2c3d3aba4b00f70234bfddae82a5eaa3ee6d5e3e6",
                "sha256:e9d7747847c53a16a729b6ee5e737cf170f7a16611c143d95aa60a109a59c336",
                "sha256:eaef5d2de3c7e9b21f1e762f289d17b726c2239a42b11e25446abf82b26ac132",
                "sha256:ed3e4b4e1e6de75fdc16d3259098de7c6571b1a6cc863b1a49e7d3d53e036070",
                "sha256:ef21af928e807f10bf4141cad4746eee692a0dd3ff56cfb25fce076ec3cc8abe",
                "sha256:f09598b416ba39a8f489c124447b007fe865f786a89dbfa48bb5cf395693132a",
                "sha256:f0caf4a5dcf610d96c3bd32932bfac8aee61c96e60481c2a0ea58da435e25acd",
                "sha256:f6e78171be3fb7941f9910ea15b4b14ec27725865a73c15277bc39f5ca4f8391",
                "sha256:f715c32e774a60a337b2bb8ad9839b4abf75b267a0f18806f6f4f5f1688c4b5a",
                "sha256:fb5c1ad6bad98c57482236a21bf985ab0ef42bd51f7ad4e4538e89a997624e12"
            ],
            "index": "pypi",
            "markers": "python_version >= '3.7'",
            "version": "==9.4.0"
        },
        "scikit-learn": {
            "hashes": [
                "sha256:0df87de9ce1c0140f2818beef310fb2e2afdc1e66fc9ad587965577f17733649",
                "sha256:14e4c88436ac96bf69eb6d746ac76a574c314a23c6961b7d344b38877f20fee1",
                "sha256:1754b0c2409d6ed5a3380512d0adcf182a01363c669033a2b55cca429ed86a81",
                "sha256:1afed6951bc9d2053c6ee9a518a466cbc9b07c6a3f9d43bfe734192b6125d508",
                "sha256:1d491ef66e37f4e812db7e6c8286520c2c3fc61b34bf5e59b67b4ce528de93af",
                "sha256:234b6bda70fdcae9e4abbbe028582ce99c280458665a155eed0b820599377d25",
                "sha256:2a3ee19211ded1a52ee37b0a7b373a8bfc66f95353af058a210b692bd4cda0dd",
                "sha256:4310bff71aa98b45b46cd26fa641309deb73a5d1c0461d181587ad4f30ea3c36",
                "sha256:4ba516fcdc73d60e7f48cbb0bccb9acbdb21807de3651531208aac73c758e3ab",
                "sha256:6145dfd9605b0b50ae72cdf72b61a2acd87501369a763b0d73d004710ebb76b5",
                "sha256:629e09f772ad42f657ca60a1a52342eef786218dd20cf1369a3b8d085e55ef8f",
                "sha256:712c1c69c45b58ef21635360b3d0a680ff7d83ac95b6f9b82cf9294070cda710",
                "sha256:78cd27b4669513b50db4f683ef41ea35b5dddc797bd2bbd990d49897fd1c8a46",
                "sha256:93d3d496ff1965470f9977d05e5ec3376fb1e63b10e4fda5e39d23c2d8969a30",
                "sha256:9f43dd527dabff5521af2786a2f8de5ba381e182ec7292663508901cf6ceaf6e",
                "sha256:a1e289f33f613cefe6707dead50db31930530dc386b6ccff176c786335a7b01c",
                "sha256:aa0029b78ef59af22cfbd833e8ace8526e4df90212db7ceccbea582ebb5d6794",
                "sha256:c02e27d65b0c7dc32f2c5eb601aaf5530b7a02bfbe92438188624524878336f2",
                "sha256:c540aaf44729ab5cd4bd5e394f2b375e65ceaea9cdd8c195788e70433d91bbc5",
                "sha256:ce03506ccf5f96b7e9030fea7eb148999b254c44c10182ac55857bc9b5d4815f",
                "sha256:d7cd3a77c32879311f2aa93466d3c288c955ef71d191503cf0677c3340ae8ae0"
            ],
            "markers": "python_version >= '3.9'",
            "version": "==1.4.1.post1"
        },
        "scipy": {
            "hashes": [
                "sha256:196ebad3a4882081f62a5bf4aeb7326aa34b110e533aab23e4374fcccb0890dc",
                "sha256:408c68423f9de16cb9e602528be4ce0d6312b05001f3de61fe9ec8b1263cad08",
                "sha256:4bf5abab8a36d20193c698b0f1fc282c1d083c94723902c447e5d2f1780936a3",
                "sha256:4c1020cad92772bf44b8e4cdabc1df5d87376cb219742549ef69fc9fd86282dd",
                "sha256:5adfad5dbf0163397beb4aca679187d24aec085343755fcdbdeb32b3679f254c",
                "sha256:5e32847e08da8d895ce09d108a494d9eb78974cf6de23063f93306a3e419960c",
                "sha256:6546dc2c11a9df6926afcbdd8a3edec28566e4e785b915e849348c6dd9f3f490",
                "sha256:730badef9b827b368f351eacae2e82da414e13cf8bd5051b4bdfd720271a5371",
                "sha256:75ea2a144096b5e39402e2ff53a36fecfd3b960d786b7efd3c180e29c39e53f2",
                "sha256:78e4402e140879387187f7f25d91cc592b3501a2e51dfb320f48dfb73565f10b",
                "sha256:8b8066bce124ee5531d12a74b617d9ac0ea59245246410e19bca549656d9a40a",
                "sha256:8bee4993817e204d761dba10dbab0774ba5a8612e57e81319ea04d84945375ba",
                "sha256:913d6e7956c3a671de3b05ccb66b11bc293f56bfdef040583a7221d9e22a2e35",
                "sha256:95e5c750d55cf518c398a8240571b0e0782c2d5a703250872f36eaf737751338",
                "sha256:9c39f92041f490422924dfdb782527a4abddf4707616e07b021de33467f917bc",
                "sha256:a24024d45ce9a675c1fb8494e8e5244efea1c7a09c60beb1eeb80373d0fecc70",
                "sha256:a7ebda398f86e56178c2fa94cad15bf457a218a54a35c2a7b4490b9f9cb2676c",
                "sha256:b360f1b6b2f742781299514e99ff560d1fe9bd1bff2712894b52abe528d1fd1e",
                "sha256:bba1b0c7256ad75401c73e4b3cf09d1f176e9bd4248f0d3112170fb2ec4db067",
                "sha256:c3003652496f6e7c387b1cf63f4bb720951cfa18907e998ea551e6de51a04467",
                "sha256:e53958531a7c695ff66c2e7bb7b79560ffdc562e2051644c5576c39ff8efb563",
                "sha256:e646d8571804a304e1da01040d21577685ce8e2db08ac58e543eaca063453e1c",
                "sha256:e7e76cc48638228212c747ada851ef355c2bb5e7f939e10952bc504c11f4e372",
                "sha256:f5f00ebaf8de24d14b8449981a2842d404152774c1a1d880c901bf454cb8e2a1",
                "sha256:f7ce148dffcd64ade37b2df9315541f9adad6efcaa86866ee7dd5db0c8f041c3"
            ],
            "markers": "python_version >= '3.9'",
            "version": "==1.12.0"
        },
        "threadpoolctl": {
            "hashes": [
                "sha256:5dac632b4fa2d43f42130267929af3ba01399ef4bd1882918e92dbc30365d30c",
                "sha256:6155be1f4a39f31a18ea70f94a77e0ccd57dced08122ea61109e7da89883781e"
            ],
            "markers": "python_version >= '3.8'",
            "version": "==3.3.0"
        }
    },
    "develop": {}
}
